
Microsoft Visual Studio Solution File, Format Version 12.00
# Visual Studio Version 17
VisualStudioVersion = 17.1.32328.378
MinimumVisualStudioVersion = 10.0.40219.1
Project("{FAE04EC0-301F-11D3-BF4B-00C04F79EFBC}") = "Application", "Lab3\Application.csproj", "{C2F94CE5-CE16-4619-8441-C3BF9943E412}"
EndProject
Project("{FAE04EC0-301F-11D3-BF4B-00C04F79EFBC}") = "Menu", "Menu\Menu.csproj", "{AB99A296-5E3A-4F2D-AAE9-042DC31F08F7}"
EndProject
Project("{FAE04EC0-301F-11D3-BF4B-00C04F79EFBC}") = "Storage", "Storage\Storage.csproj", "{95240275-A331-488D-923A-4F378EE28742}"
EndProject
Global
	GlobalSection(SolutionConfigurationPlatforms) = preSolution
		Debug|Any CPU = Debug|Any CPU
		Release|Any CPU = Release|Any CPU
	EndGlobalSection
	GlobalSection(ProjectConfigurationPlatforms) = postSolution
		{C2F94CE5-CE16-4619-8441-C3BF9943E412}.Debug|Any CPU.ActiveCfg = Debug|Any CPU
		{C2F94CE5-CE16-4619-8441-C3BF9943E412}.Debug|Any CPU.Build.0 = Debug|Any CPU
		{C2F94CE5-CE16-4619-8441-C3BF9943E412}.Release|Any CPU.ActiveCfg = Release|Any CPU
		{C2F94CE5-CE16-4619-8441-C3BF9943E412}.Release|Any CPU.Build.0 = Release|Any CPU
		{AB99A296-5E3A-4F2D-AAE9-042DC31F08F7}.Debug|Any CPU.ActiveCfg = Debug|Any CPU
		{AB99A296-5E3A-4F2D-AAE9-042DC31F08F7}.Debug|Any CPU.Build.0 = Debug|Any CPU
		{AB99A296-5E3A-4F2D-AAE9-042DC31F08F7}.Release|Any CPU.ActiveCfg = Release|Any CPU
		{AB99A296-5E3A-4F2D-AAE9-042DC31F08F7}.Release|Any CPU.Build.0 = Release|Any CPU
		{95240275-A331-488D-923A-4F378EE28742}.Debug|Any CPU.ActiveCfg = Debug|Any CPU
		{95240275-A331-488D-923A-4F378EE28742}.Debug|Any CPU.Build.0 = Debug|Any CPU
		{95240275-A331-488D-923A-4F378EE28742}.Release|Any CPU.ActiveCfg = Release|Any CPU
		{95240275-A331-488D-923A-4F378EE28742}.Release|Any CPU.Build.0 = Release|Any CPU
	EndGlobalSection
	GlobalSection(SolutionProperties) = preSolution
		HideSolutionNode = FALSE
	EndGlobalSection
	GlobalSection(ExtensibilityGlobals) = postSolution
		SolutionGuid = {3C6D0841-B39A-487E-8427-285479D00300}
	EndGlobalSection
EndGlobal
